
Microsoft Visual Studio Solution File, Format Version 12.00
# Visual Studio 15
VisualStudioVersion = 15.0.27130.2003
MinimumVisualStudioVersion = 10.0.40219.1
Project("{FAE04EC0-301F-11D3-BF4B-00C04F79EFBC}") = "Task_4_ArturDovbysh", "Task_4_ArturDovbysh\Task_4_ArturDovbysh.csproj", "{7AD6243C-2686-4965-A45B-63F314C9A974}"
EndProject
Project("{FAE04EC0-301F-11D3-BF4B-00C04F79EFBC}") = "Task_4_MyMatrix.Tests", "Task_4_MyMatrix.Tests\Task_4_MyMatrix.Tests.csproj", "{3BCF21A9-2EA1-4E82-86F0-417FBD38825F}"
EndProject
Global
	GlobalSection(SolutionConfigurationPlatforms) = preSolution
		Debug|Any CPU = Debug|Any CPU
		Release|Any CPU = Release|Any CPU
	EndGlobalSection
	GlobalSection(ProjectConfigurationPlatforms) = postSolution
		{7AD6243C-2686-4965-A45B-63F314C9A974}.Debug|Any CPU.ActiveCfg = Debug|Any CPU
		{7AD6243C-2686-4965-A45B-63F314C9A974}.Debug|Any CPU.Build.0 = Debug|Any CPU
		{7AD6243C-2686-4965-A45B-63F314C9A974}.Release|Any CPU.ActiveCfg = Release|Any CPU
		{7AD6243C-2686-4965-A45B-63F314C9A974}.Release|Any CPU.Build.0 = Release|Any CPU
		{3BCF21A9-2EA1-4E82-86F0-417FBD38825F}.Debug|Any CPU.ActiveCfg = Debug|Any CPU
		{3BCF21A9-2EA1-4E82-86F0-417FBD38825F}.Debug|Any CPU.Build.0 = Debug|Any CPU
		{3BCF21A9-2EA1-4E82-86F0-417FBD38825F}.Release|Any CPU.ActiveCfg = Release|Any CPU
		{3BCF21A9-2EA1-4E82-86F0-417FBD38825F}.Release|Any CPU.Build.0 = Release|Any CPU
	EndGlobalSection
	GlobalSection(SolutionProperties) = preSolution
		HideSolutionNode = FALSE
	EndGlobalSection
	GlobalSection(ExtensibilityGlobals) = postSolution
		SolutionGuid = {63977C22-6C0D-4D2C-8621-453B522F1845}
	EndGlobalSection
EndGlobal
